
Microsoft Visual Studio Solution File, Format Version 12.00
# Visual Studio Version 16
VisualStudioVersion = 16.0.31321.278
MinimumVisualStudioVersion = 10.0.40219.1
Project("{FAE04EC0-301F-11D3-BF4B-00C04F79EFBC}") = "AppExamenXamarinAgus.Android", "AppExamenXamarinAgus\AppExamenXamarinAgus.Android\AppExamenXamarinAgus.Android.csproj", "{CBDD301C-6159-4839-A4CE-41A913B1F127}"
EndProject
Project("{FAE04EC0-301F-11D3-BF4B-00C04F79EFBC}") = "AppExamenXamarinAgus.iOS", "AppExamenXamarinAgus\AppExamenXamarinAgus.iOS\AppExamenXamarinAgus.iOS.csproj", "{5A01A71B-442B-4B1A-B8A7-4E8AF6D8192A}"
EndProject
Project("{FAE04EC0-301F-11D3-BF4B-00C04F79EFBC}") = "AppExamenXamarinAgus", "AppExamenXamarinAgus\AppExamenXamarinAgus\AppExamenXamarinAgus.csproj", "{200335B6-B1F9-42DD-B745-E52D4D5D195E}"
EndProject
Global
	GlobalSection(SolutionConfigurationPlatforms) = preSolution
		Debug|Any CPU = Debug|Any CPU
		Debug|iPhone = Debug|iPhone
		Debug|iPhoneSimulator = Debug|iPhoneSimulator
		Release|Any CPU = Release|Any CPU
		Release|iPhone = Release|iPhone
		Release|iPhoneSimulator = Release|iPhoneSimulator
	EndGlobalSection
	GlobalSection(ProjectConfigurationPlatforms) = postSolution
		{CBDD301C-6159-4839-A4CE-41A913B1F127}.Debug|Any CPU.ActiveCfg = Debug|Any CPU
		{CBDD301C-6159-4839-A4CE-41A913B1F127}.Debug|Any CPU.Build.0 = Debug|Any CPU
		{CBDD301C-6159-4839-A4CE-41A913B1F127}.Debug|Any CPU.Deploy.0 = Debug|Any CPU
		{CBDD301C-6159-4839-A4CE-41A913B1F127}.Debug|iPhone.ActiveCfg = Debug|Any CPU
		{CBDD301C-6159-4839-A4CE-41A913B1F127}.Debug|iPhone.Build.0 = Debug|Any CPU
		{CBDD301C-6159-4839-A4CE-41A913B1F127}.Debug|iPhone.Deploy.0 = Debug|Any CPU
		{CBDD301C-6159-4839-A4CE-41A913B1F127}.Debug|iPhoneSimulator.ActiveCfg = Debug|Any CPU
		{CBDD301C-6159-4839-A4CE-41A913B1F127}.Debug|iPhoneSimulator.Build.0 = Debug|Any CPU
		{CBDD301C-6159-4839-A4CE-41A913B1F127}.Debug|iPhoneSimulator.Deploy.0 = Debug|Any CPU
		{CBDD301C-6159-4839-A4CE-41A913B1F127}.Release|Any CPU.ActiveCfg = Release|Any CPU
		{CBDD301C-6159-4839-A4CE-41A913B1F127}.Release|Any CPU.Build.0 = Release|Any CPU
		{CBDD301C-6159-4839-A4CE-41A913B1F127}.Release|Any CPU.Deploy.0 = Release|Any CPU
		{CBDD301C-6159-4839-A4CE-41A913B1F127}.Release|iPhone.ActiveCfg = Release|Any CPU
		{CBDD301C-6159-4839-A4CE-41A913B1F127}.Release|iPhone.Build.0 = Release|Any CPU
		{CBDD301C-6159-4839-A4CE-41A913B1F127}.Release|iPhone.Deploy.0 = Release|Any CPU
		{CBDD301C-6159-4839-A4CE-41A913B1F127}.Release|iPhoneSimulator.ActiveCfg = Release|Any CPU
		{CBDD301C-6159-4839-A4CE-41A913B1F127}.Release|iPhoneSimulator.Build.0 = Release|Any CPU
		{CBDD301C-6159-4839-A4CE-41A913B1F127}.Release|iPhoneSimulator.Deploy.0 = Release|Any CPU
		{5A01A71B-442B-4B1A-B8A7-4E8AF6D8192A}.Debug|Any CPU.ActiveCfg = Debug|iPhone
		{5A01A71B-442B-4B1A-B8A7-4E8AF6D8192A}.Debug|Any CPU.Build.0 = Debug|iPhone
		{5A01A71B-442B-4B1A-B8A7-4E8AF6D8192A}.Debug|Any CPU.Deploy.0 = Debug|iPhone
		{5A01A71B-442B-4B1A-B8A7-4E8AF6D8192A}.Debug|iPhone.ActiveCfg = Debug|iPhone
		{5A01A71B-442B-4B1A-B8A7-4E8AF6D8192A}.Debug|iPhone.Build.0 = Debug|iPhone
		{5A01A71B-442B-4B1A-B8A7-4E8AF6D8192A}.Debug|iPhone.Deploy.0 = Debug|iPhone
		{5A01A71B-442B-4B1A-B8A7-4E8AF6D8192A}.Debug|iPhoneSimulator.ActiveCfg = Debug|iPhoneSimulator
		{5A01A71B-442B-4B1A-B8A7-4E8AF6D8192A}.Debug|iPhoneSimulator.Build.0 = Debug|iPhoneSimulator
		{5A01A71B-442B-4B1A-B8A7-4E8AF6D8192A}.Debug|iPhoneSimulator.Deploy.0 = Debug|iPhoneSimulator
		{5A01A71B-442B-4B1A-B8A7-4E8AF6D8192A}.Release|Any CPU.ActiveCfg = Release|iPhoneSimulator
		{5A01A71B-442B-4B1A-B8A7-4E8AF6D8192A}.Release|Any CPU.Build.0 = Release|iPhoneSimulator
		{5A01A71B-442B-4B1A-B8A7-4E8AF6D8192A}.Release|Any CPU.Deploy.0 = Release|iPhoneSimulator
		{5A01A71B-442B-4B1A-B8A7-4E8AF6D8192A}.Release|iPhone.ActiveCfg = Release|iPhone
		{5A01A71B-442B-4B1A-B8A7-4E8AF6D8192A}.Release|iPhone.Build.0 = Release|iPhone
		{5A01A71B-442B-4B1A-B8A7-4E8AF6D8192A}.Release|iPhone.Deploy.0 = Release|iPhone
		{5A01A71B-442B-4B1A-B8A7-4E8AF6D8192A}.Release|iPhoneSimulator.ActiveCfg = Release|iPhoneSimulator
		{5A01A71B-442B-4B1A-B8A7-4E8AF6D8192A}.Release|iPhoneSimulator.Build.0 = Release|iPhoneSimulator
		{5A01A71B-442B-4B1A-B8A7-4E8AF6D8192A}.Release|iPhoneSimulator.Deploy.0 = Release|iPhoneSimulator
		{200335B6-B1F9-42DD-B745-E52D4D5D195E}.Debug|Any CPU.ActiveCfg = Debug|Any CPU
		{200335B6-B1F9-42DD-B745-E52D4D5D195E}.Debug|Any CPU.Build.0 = Debug|Any CPU
		{200335B6-B1F9-42DD-B745-E52D4D5D195E}.Debug|Any CPU.Deploy.0 = Debug|Any CPU
		{200335B6-B1F9-42DD-B745-E52D4D5D195E}.Debug|iPhone.ActiveCfg = Debug|Any CPU
		{200335B6-B1F9-42DD-B745-E52D4D5D195E}.Debug|iPhone.Build.0 = Debug|Any CPU
		{200335B6-B1F9-42DD-B745-E52D4D5D195E}.Debug|iPhone.Deploy.0 = Debug|Any CPU
		{200335B6-B1F9-42DD-B745-E52D4D5D195E}.Debug|iPhoneSimulator.ActiveCfg = Debug|Any CPU
		{200335B6-B1F9-42DD-B745-E52D4D5D195E}.Debug|iPhoneSimulator.Build.0 = Debug|Any CPU
		{200335B6-B1F9-42DD-B745-E52D4D5D195E}.Debug|iPhoneSimulator.Deploy.0 = Debug|Any CPU
		{200335B6-B1F9-42DD-B745-E52D4D5D195E}.Release|Any CPU.ActiveCfg = Release|Any CPU
		{200335B6-B1F9-42DD-B745-E52D4D5D195E}.Release|Any CPU.Build.0 = Release|Any CPU
		{200335B6-B1F9-42DD-B745-E52D4D5D195E}.Release|Any CPU.Deploy.0 = Release|Any CPU
		{200335B6-B1F9-42DD-B745-E52D4D5D195E}.Release|iPhone.ActiveCfg = Release|Any CPU
		{200335B6-B1F9-42DD-B745-E52D4D5D195E}.Release|iPhone.Build.0 = Release|Any CPU
		{200335B6-B1F9-42DD-B745-E52D4D5D195E}.Release|iPhone.Deploy.0 = Release|Any CPU
		{200335B6-B1F9-42DD-B745-E52D4D5D195E}.Release|iPhoneSimulator.ActiveCfg = Release|Any CPU
		{200335B6-B1F9-42DD-B745-E52D4D5D195E}.Release|iPhoneSimulator.Build.0 = Release|Any CPU
		{200335B6-B1F9-42DD-B745-E52D4D5D195E}.Release|iPhoneSimulator.Deploy.0 = Release|Any CPU
	EndGlobalSection
	GlobalSection(SolutionProperties) = preSolution
		HideSolutionNode = FALSE
	EndGlobalSection
	GlobalSection(ExtensibilityGlobals) = postSolution
		SolutionGuid = {78FA5F90-E91B-4EB9-97FA-81A352A07EE1}
	EndGlobalSection
EndGlobal
